
Microsoft Visual Studio Solution File, Format Version 12.00
# Visual Studio Version 16
VisualStudioVersion = 16.0.30611.23
MinimumVisualStudioVersion = 10.0.40219.1
Project("{8BC9CEB8-8B4A-11D0-8D11-00A0C91BC942}") = "sdl_bgi", "sdl_bgi\sdl_bgi.vcxproj", "{D49D5924-0D02-4E68-9CDB-E0902C0AB479}"
EndProject
Project("{8BC9CEB8-8B4A-11D0-8D11-00A0C91BC942}") = "tetris", "tetris\tetris.vcxproj", "{0DCD132D-8609-4F29-B47A-3E3786FCC679}"
	ProjectSection(ProjectDependencies) = postProject
		{D49D5924-0D02-4E68-9CDB-E0902C0AB479} = {D49D5924-0D02-4E68-9CDB-E0902C0AB479}
	EndProjectSection
EndProject
Project("{8BC9CEB8-8B4A-11D0-8D11-00A0C91BC942}") = "dos_launcher", "dos_launcher\dos_launcher.vcxproj", "{8C67C2D0-D519-4F14-A76F-B44D838A5143}"
	ProjectSection(ProjectDependencies) = postProject
		{0DCD132D-8609-4F29-B47A-3E3786FCC679} = {0DCD132D-8609-4F29-B47A-3E3786FCC679}
	EndProjectSection
EndProject
Global
	GlobalSection(SolutionConfigurationPlatforms) = preSolution
		Debug|x64 = Debug|x64
		Debug|x86 = Debug|x86
		Release|x64 = Release|x64
		Release|x86 = Release|x86
	EndGlobalSection
	GlobalSection(ProjectConfigurationPlatforms) = postSolution
		{D49D5924-0D02-4E68-9CDB-E0902C0AB479}.Debug|x64.ActiveCfg = Debug|x64
		{D49D5924-0D02-4E68-9CDB-E0902C0AB479}.Debug|x64.Build.0 = Debug|x64
		{D49D5924-0D02-4E68-9CDB-E0902C0AB479}.Debug|x86.ActiveCfg = Debug|Win32
		{D49D5924-0D02-4E68-9CDB-E0902C0AB479}.Debug|x86.Build.0 = Debug|Win32
		{D49D5924-0D02-4E68-9CDB-E0902C0AB479}.Release|x64.ActiveCfg = Release|x64
		{D49D5924-0D02-4E68-9CDB-E0902C0AB479}.Release|x64.Build.0 = Release|x64
		{D49D5924-0D02-4E68-9CDB-E0902C0AB479}.Release|x86.ActiveCfg = Release|Win32
		{D49D5924-0D02-4E68-9CDB-E0902C0AB479}.Release|x86.Build.0 = Release|Win32
		{0DCD132D-8609-4F29-B47A-3E3786FCC679}.Debug|x64.ActiveCfg = Debug|x64
		{0DCD132D-8609-4F29-B47A-3E3786FCC679}.Debug|x64.Build.0 = Debug|x64
		{0DCD132D-8609-4F29-B47A-3E3786FCC679}.Debug|x86.ActiveCfg = Debug|Win32
		{0DCD132D-8609-4F29-B47A-3E3786FCC679}.Debug|x86.Build.0 = Debug|Win32
		{0DCD132D-8609-4F29-B47A-3E3786FCC679}.Release|x64.ActiveCfg = Release|x64
		{0DCD132D-8609-4F29-B47A-3E3786FCC679}.Release|x64.Build.0 = Release|x64
		{0DCD132D-8609-4F29-B47A-3E3786FCC679}.Release|x86.ActiveCfg = Release|Win32
		{0DCD132D-8609-4F29-B47A-3E3786FCC679}.Release|x86.Build.0 = Release|Win32
		{8C67C2D0-D519-4F14-A76F-B44D838A5143}.Debug|x64.ActiveCfg = Debug|x64
		{8C67C2D0-D519-4F14-A76F-B44D838A5143}.Debug|x64.Build.0 = Debug|x64
		{8C67C2D0-D519-4F14-A76F-B44D838A5143}.Debug|x86.ActiveCfg = Debug|Win32
		{8C67C2D0-D519-4F14-A76F-B44D838A5143}.Debug|x86.Build.0 = Debug|Win32
		{8C67C2D0-D519-4F14-A76F-B44D838A5143}.Release|x64.ActiveCfg = Release|x64
		{8C67C2D0-D519-4F14-A76F-B44D838A5143}.Release|x64.Build.0 = Release|x64
		{8C67C2D0-D519-4F14-A76F-B44D838A5143}.Release|x86.ActiveCfg = Release|Win32
		{8C67C2D0-D519-4F14-A76F-B44D838A5143}.Release|x86.Build.0 = Release|Win32
	EndGlobalSection
	GlobalSection(SolutionProperties) = preSolution
		HideSolutionNode = FALSE
	EndGlobalSection
	GlobalSection(ExtensibilityGlobals) = postSolution
		SolutionGuid = {B80ADCEC-C7F2-4BE4-A065-CF7AB1A1F144}
	EndGlobalSection
EndGlobal
